
Microsoft Visual Studio Solution File, Format Version 12.00
# Visual Studio Version 16
VisualStudioVersion = 16.0.29609.76
MinimumVisualStudioVersion = 10.0.40219.1
Project("{FAE04EC0-301F-11D3-BF4B-00C04F79EFBC}") = "ShareCat", "ShareCat\ShareCat.csproj", "{C915AFAE-E9D0-46B9-ADF0-22676D47FDF9}"
EndProject
Global
	GlobalSection(SolutionConfigurationPlatforms) = preSolution
		Debug|Any CPU = Debug|Any CPU
		Release|Any CPU = Release|Any CPU
	EndGlobalSection
	GlobalSection(ProjectConfigurationPlatforms) = postSolution
		{C915AFAE-E9D0-46B9-ADF0-22676D47FDF9}.Debug|Any CPU.ActiveCfg = Debug|Any CPU
		{C915AFAE-E9D0-46B9-ADF0-22676D47FDF9}.Debug|Any CPU.Build.0 = Debug|Any CPU
		{C915AFAE-E9D0-46B9-ADF0-22676D47FDF9}.Release|Any CPU.ActiveCfg = Release|Any CPU
		{C915AFAE-E9D0-46B9-ADF0-22676D47FDF9}.Release|Any CPU.Build.0 = Release|Any CPU
	EndGlobalSection
	GlobalSection(SolutionProperties) = preSolution
		HideSolutionNode = FALSE
	EndGlobalSection
	GlobalSection(ExtensibilityGlobals) = postSolution
		SolutionGuid = {A464D8E8-FE34-4C82-B5AF-71A015918BB3}
	EndGlobalSection
EndGlobal
